PODS:
  - AFNetworking (4.0.1):
    - AFNetworking/NSURLSession (= 4.0.1)
    - AFNetworking/Reachability (= 4.0.1)
    - AFNetworking/Security (= 4.0.1)
    - AFNetworking/Serialization (= 4.0.1)
    - AFNetworking/UIKit (= 4.0.1)
  - AFNetworking/NSURLSession (4.0.1):
    - AFNetworking/Reachability
    - AFNetworking/Security
    - AFNetworking/Serialization
  - AFNetworking/Reachability (4.0.1)
  - AFNetworking/Security (4.0.1)
  - AFNetworking/Serialization (4.0.1)
  - AFNetworking/UIKit (4.0.1):
    - AFNetworking/NSURLSession
  - BizComponentB (0.1.0):
    - AFNetworking

DEPENDENCIES:
  - BizComponentB (from `../`)

SPEC REPOS:
  trunk:
    - AFNetworking

EXTERNAL SOURCES:
  BizComponentB:
    :path: "../"

SPEC CHECKSUMS:
  AFNetworking: 7864c38297c79aaca1500c33288e429c3451fdce
  BizComponentB: da783a73afddf570840364667dde8926e7673f87

PODFILE CHECKSUM: 694c155ca81ae987179bb1d1ee95f2093e58f75b

COCOAPODS: 1.11.3
