PODS:
  - BizComponentB (0.1.4):
    - RCCommon (= 0.1.8)
  - RCCommon (0.1.8)

DEPENDENCIES:
  - BizComponentB (from `../`)

SPEC REPOS:
  https://github.com/cheng-ren/RCSpecs.git:
    - RCCommon

EXTERNAL SOURCES:
  BizComponentB:
    :path: "../"

SPEC CHECKSUMS:
  BizComponentB: 5ee0dcc9458bc3c6fe13438cba4ca2f5acfd69c3
  RCCommon: 51a1499f9b4987a5b56ef920976de1fc9ce63b8d

PODFILE CHECKSUM: fe303a5ae1e112f08880211b516c4319fa65ac7c

COCOAPODS: 1.11.3
